
Microsoft Visual Studio Solution File, Format Version 12.00
# Visual Studio Version 17
Project("{2150E333-8FDC-42A3-9474-1A3956D46DE8}") = "CMake", "CMake", "{8CF70E44-4271-376E-B99E-E98EF8497799}"
EndProject
Project("{8BC9CEB8-8B4A-11D0-8D11-00A0C91BC942}") = "application", "application.vcxproj", "{458A8A68-0E16-371B-B224-BC55F5601FA7}"
	ProjectSection(ProjectDependencies) = postProject
		{1A88E155-4210-37D5-8B1F-1DA361B3A7B4} = {1A88E155-4210-37D5-8B1F-1DA361B3A7B4}
		{14F92458-9463-320A-9D11-2996E8CD34D2} = {14F92458-9463-320A-9D11-2996E8CD34D2}
		{9804C4BE-5F33-343A-8FDE-DF87E92556E9} = {9804C4BE-5F33-343A-8FDE-DF87E92556E9}
	EndProjectSection
EndProject
Project("{8BC9CEB8-8B4A-11D0-8D11-00A0C91BC942}") = "ALL_BUILD", "ALL_BUILD.vcxproj", "{B82716A0-F7C9-381F-8276-39EC878EBE11}"
	ProjectSection(ProjectDependencies) = postProject
		{1A88E155-4210-37D5-8B1F-1DA361B3A7B4} = {1A88E155-4210-37D5-8B1F-1DA361B3A7B4}
		{458A8A68-0E16-371B-B224-BC55F5601FA7} = {458A8A68-0E16-371B-B224-BC55F5601FA7}
		{14F92458-9463-320A-9D11-2996E8CD34D2} = {14F92458-9463-320A-9D11-2996E8CD34D2}
		{9804C4BE-5F33-343A-8FDE-DF87E92556E9} = {9804C4BE-5F33-343A-8FDE-DF87E92556E9}
		{633D01F1-AB69-3821-ACBA-9DD1CC31C9F4} = {633D01F1-AB69-3821-ACBA-9DD1CC31C9F4}
	EndProjectSection
EndProject
Project("{8BC9CEB8-8B4A-11D0-8D11-00A0C91BC942}") = "RUN_TESTS", "RUN_TESTS.vcxproj", "{DAB6F41B-84CD-3991-BC71-2C6B9DD877AA}"
	ProjectSection(ProjectDependencies) = postProject
		{1A88E155-4210-37D5-8B1F-1DA361B3A7B4} = {1A88E155-4210-37D5-8B1F-1DA361B3A7B4}
	EndProjectSection
EndProject
Project("{8BC9CEB8-8B4A-11D0-8D11-00A0C91BC942}") = "ZERO_CHECK", "ZERO_CHECK.vcxproj", "{1A88E155-4210-37D5-8B1F-1DA361B3A7B4}"
	ProjectSection(ProjectDependencies) = postProject
	EndProjectSection
EndProject
Project("{8BC9CEB8-8B4A-11D0-8D11-00A0C91BC942}") = "particlesystem", "particlesystem.vcxproj", "{14F92458-9463-320A-9D11-2996E8CD34D2}"
	ProjectSection(ProjectDependencies) = postProject
		{1A88E155-4210-37D5-8B1F-1DA361B3A7B4} = {1A88E155-4210-37D5-8B1F-1DA361B3A7B4}
	EndProjectSection
EndProject
Project("{8BC9CEB8-8B4A-11D0-8D11-00A0C91BC942}") = "rendering", "rendering.vcxproj", "{9804C4BE-5F33-343A-8FDE-DF87E92556E9}"
	ProjectSection(ProjectDependencies) = postProject
		{1A88E155-4210-37D5-8B1F-1DA361B3A7B4} = {1A88E155-4210-37D5-8B1F-1DA361B3A7B4}
	EndProjectSection
EndProject
Project("{8BC9CEB8-8B4A-11D0-8D11-00A0C91BC942}") = "unittest", "unittest.vcxproj", "{633D01F1-AB69-3821-ACBA-9DD1CC31C9F4}"
	ProjectSection(ProjectDependencies) = postProject
		{1A88E155-4210-37D5-8B1F-1DA361B3A7B4} = {1A88E155-4210-37D5-8B1F-1DA361B3A7B4}
		{14F92458-9463-320A-9D11-2996E8CD34D2} = {14F92458-9463-320A-9D11-2996E8CD34D2}
	EndProjectSection
EndProject
Global
	GlobalSection(SolutionConfigurationPlatforms) = preSolution
		Debug|x64 = Debug|x64
		Release|x64 = Release|x64
		MinSizeRel|x64 = MinSizeRel|x64
		RelWithDebInfo|x64 = RelWithDebInfo|x64
	EndGlobalSection
	GlobalSection(ProjectConfigurationPlatforms) = postSolution
		{458A8A68-0E16-371B-B224-BC55F5601FA7}.Debug|x64.ActiveCfg = Debug|x64
		{458A8A68-0E16-371B-B224-BC55F5601FA7}.Debug|x64.Build.0 = Debug|x64
		{458A8A68-0E16-371B-B224-BC55F5601FA7}.Release|x64.ActiveCfg = Release|x64
		{458A8A68-0E16-371B-B224-BC55F5601FA7}.Release|x64.Build.0 = Release|x64
		{458A8A68-0E16-371B-B224-BC55F5601FA7}.MinSizeRel|x64.ActiveCfg = MinSizeRel|x64
		{458A8A68-0E16-371B-B224-BC55F5601FA7}.MinSizeRel|x64.Build.0 = MinSizeRel|x64
		{458A8A68-0E16-371B-B224-BC55F5601FA7}.RelWithDebInfo|x64.ActiveCfg = RelWithDebInfo|x64
		{458A8A68-0E16-371B-B224-BC55F5601FA7}.RelWithDebInfo|x64.Build.0 = RelWithDebInfo|x64
		{B82716A0-F7C9-381F-8276-39EC878EBE11}.Debug|x64.ActiveCfg = Debug|x64
		{B82716A0-F7C9-381F-8276-39EC878EBE11}.Release|x64.ActiveCfg = Release|x64
		{B82716A0-F7C9-381F-8276-39EC878EBE11}.MinSizeRel|x64.ActiveCfg = MinSizeRel|x64
		{B82716A0-F7C9-381F-8276-39EC878EBE11}.RelWithDebInfo|x64.ActiveCfg = RelWithDebInfo|x64
		{DAB6F41B-84CD-3991-BC71-2C6B9DD877AA}.Debug|x64.ActiveCfg = Debug|x64
		{DAB6F41B-84CD-3991-BC71-2C6B9DD877AA}.Release|x64.ActiveCfg = Release|x64
		{DAB6F41B-84CD-3991-BC71-2C6B9DD877AA}.MinSizeRel|x64.ActiveCfg = MinSizeRel|x64
		{DAB6F41B-84CD-3991-BC71-2C6B9DD877AA}.RelWithDebInfo|x64.ActiveCfg = RelWithDebInfo|x64
		{1A88E155-4210-37D5-8B1F-1DA361B3A7B4}.Debug|x64.ActiveCfg = Debug|x64
		{1A88E155-4210-37D5-8B1F-1DA361B3A7B4}.Debug|x64.Build.0 = Debug|x64
		{1A88E155-4210-37D5-8B1F-1DA361B3A7B4}.Release|x64.ActiveCfg = Release|x64
		{1A88E155-4210-37D5-8B1F-1DA361B3A7B4}.Release|x64.Build.0 = Release|x64
		{1A88E155-4210-37D5-8B1F-1DA361B3A7B4}.MinSizeRel|x64.ActiveCfg = MinSizeRel|x64
		{1A88E155-4210-37D5-8B1F-1DA361B3A7B4}.MinSizeRel|x64.Build.0 = MinSizeRel|x64
		{1A88E155-4210-37D5-8B1F-1DA361B3A7B4}.RelWithDebInfo|x64.ActiveCfg = RelWithDebInfo|x64
		{1A88E155-4210-37D5-8B1F-1DA361B3A7B4}.RelWithDebInfo|x64.Build.0 = RelWithDebInfo|x64
		{14F92458-9463-320A-9D11-2996E8CD34D2}.Debug|x64.ActiveCfg = Debug|x64
		{14F92458-9463-320A-9D11-2996E8CD34D2}.Debug|x64.Build.0 = Debug|x64
		{14F92458-9463-320A-9D11-2996E8CD34D2}.Release|x64.ActiveCfg = Release|x64
		{14F92458-9463-320A-9D11-2996E8CD34D2}.Release|x64.Build.0 = Release|x64
		{14F92458-9463-320A-9D11-2996E8CD34D2}.MinSizeRel|x64.ActiveCfg = MinSizeRel|x64
		{14F92458-9463-320A-9D11-2996E8CD34D2}.MinSizeRel|x64.Build.0 = MinSizeRel|x64
		{14F92458-9463-320A-9D11-2996E8CD34D2}.RelWithDebInfo|x64.ActiveCfg = RelWithDebInfo|x64
		{14F92458-9463-320A-9D11-2996E8CD34D2}.RelWithDebInfo|x64.Build.0 = RelWithDebInfo|x64
		{9804C4BE-5F33-343A-8FDE-DF87E92556E9}.Debug|x64.ActiveCfg = Debug|x64
		{9804C4BE-5F33-343A-8FDE-DF87E92556E9}.Debug|x64.Build.0 = Debug|x64
		{9804C4BE-5F33-343A-8FDE-DF87E92556E9}.Release|x64.ActiveCfg = Release|x64
		{9804C4BE-5F33-343A-8FDE-DF87E92556E9}.Release|x64.Build.0 = Release|x64
		{9804C4BE-5F33-343A-8FDE-DF87E92556E9}.MinSizeRel|x64.ActiveCfg = MinSizeRel|x64
		{9804C4BE-5F33-343A-8FDE-DF87E92556E9}.MinSizeRel|x64.Build.0 = MinSizeRel|x64
		{9804C4BE-5F33-343A-8FDE-DF87E92556E9}.RelWithDebInfo|x64.ActiveCfg = RelWithDebInfo|x64
		{9804C4BE-5F33-343A-8FDE-DF87E92556E9}.RelWithDebInfo|x64.Build.0 = RelWithDebInfo|x64
		{633D01F1-AB69-3821-ACBA-9DD1CC31C9F4}.Debug|x64.ActiveCfg = Debug|x64
		{633D01F1-AB69-3821-ACBA-9DD1CC31C9F4}.Debug|x64.Build.0 = Debug|x64
		{633D01F1-AB69-3821-ACBA-9DD1CC31C9F4}.Release|x64.ActiveCfg = Release|x64
		{633D01F1-AB69-3821-ACBA-9DD1CC31C9F4}.Release|x64.Build.0 = Release|x64
		{633D01F1-AB69-3821-ACBA-9DD1CC31C9F4}.MinSizeRel|x64.ActiveCfg = MinSizeRel|x64
		{633D01F1-AB69-3821-ACBA-9DD1CC31C9F4}.MinSizeRel|x64.Build.0 = MinSizeRel|x64
		{633D01F1-AB69-3821-ACBA-9DD1CC31C9F4}.RelWithDebInfo|x64.ActiveCfg = RelWithDebInfo|x64
		{633D01F1-AB69-3821-ACBA-9DD1CC31C9F4}.RelWithDebInfo|x64.Build.0 = RelWithDebInfo|x64
	EndGlobalSection
	GlobalSection(NestedProjects) = preSolution
		{B82716A0-F7C9-381F-8276-39EC878EBE11} = {8CF70E44-4271-376E-B99E-E98EF8497799}
		{DAB6F41B-84CD-3991-BC71-2C6B9DD877AA} = {8CF70E44-4271-376E-B99E-E98EF8497799}
		{1A88E155-4210-37D5-8B1F-1DA361B3A7B4} = {8CF70E44-4271-376E-B99E-E98EF8497799}
	EndGlobalSection
	GlobalSection(ExtensibilityGlobals) = postSolution
		SolutionGuid = {13B49455-B94F-36D4-ABBF-4836D695AC10}
	EndGlobalSection
	GlobalSection(ExtensibilityAddIns) = postSolution
	EndGlobalSection
EndGlobal
